
Microsoft Visual Studio Solution File, Format Version 12.00
# Visual Studio Version 17
VisualStudioVersion = 17.3.32929.385
MinimumVisualStudioVersion = 10.0.40219.1
Project("{FAE04EC0-301F-11D3-BF4B-00C04F79EFBC}") = "PowerBillCMD", "PowerBillCMD\PowerBillCMD.csproj", "{E3010594-E5BA-4AC0-92C9-892DDB734A78}"
EndProject
Project("{FAE04EC0-301F-11D3-BF4B-00C04F79EFBC}") = "TestPowerBillCMD", "TestPowerBillCMD\TestPowerBillCMD.csproj", "{862A1E92-9530-4F5B-996E-3F8F7647B2B4}"
EndProject
Project("{FAE04EC0-301F-11D3-BF4B-00C04F79EFBC}") = "LibPBill", "PBill\LibPBill.csproj", "{410720BC-53E5-4CBE-AB90-97C9221B97B8}"
EndProject
Global
	GlobalSection(SolutionConfigurationPlatforms) = preSolution
		Debug|Any CPU = Debug|Any CPU
		Release|Any CPU = Release|Any CPU
	EndGlobalSection
	GlobalSection(ProjectConfigurationPlatforms) = postSolution
		{E3010594-E5BA-4AC0-92C9-892DDB734A78}.Debug|Any CPU.ActiveCfg = Debug|Any CPU
		{E3010594-E5BA-4AC0-92C9-892DDB734A78}.Debug|Any CPU.Build.0 = Debug|Any CPU
		{E3010594-E5BA-4AC0-92C9-892DDB734A78}.Release|Any CPU.ActiveCfg = Release|Any CPU
		{E3010594-E5BA-4AC0-92C9-892DDB734A78}.Release|Any CPU.Build.0 = Release|Any CPU
		{862A1E92-9530-4F5B-996E-3F8F7647B2B4}.Debug|Any CPU.ActiveCfg = Debug|Any CPU
		{862A1E92-9530-4F5B-996E-3F8F7647B2B4}.Debug|Any CPU.Build.0 = Debug|Any CPU
		{862A1E92-9530-4F5B-996E-3F8F7647B2B4}.Release|Any CPU.ActiveCfg = Release|Any CPU
		{862A1E92-9530-4F5B-996E-3F8F7647B2B4}.Release|Any CPU.Build.0 = Release|Any CPU
		{410720BC-53E5-4CBE-AB90-97C9221B97B8}.Debug|Any CPU.ActiveCfg = Debug|Any CPU
		{410720BC-53E5-4CBE-AB90-97C9221B97B8}.Debug|Any CPU.Build.0 = Debug|Any CPU
		{410720BC-53E5-4CBE-AB90-97C9221B97B8}.Release|Any CPU.ActiveCfg = Release|Any CPU
		{410720BC-53E5-4CBE-AB90-97C9221B97B8}.Release|Any CPU.Build.0 = Release|Any CPU
	EndGlobalSection
	GlobalSection(SolutionProperties) = preSolution
		HideSolutionNode = FALSE
	EndGlobalSection
	GlobalSection(ExtensibilityGlobals) = postSolution
		SolutionGuid = {2E584873-31E1-459A-9902-C065A74019C9}
	EndGlobalSection
EndGlobal
